
Microsoft Visual Studio Solution File, Format Version 12.00
# Visual Studio 15
VisualStudioVersion = 15.0.28010.2003
MinimumVisualStudioVersion = 10.0.40219.1
Project("{8BC9CEB8-8B4A-11D0-8D11-00A0C91BC942}") = "Engine", "src\engine\engine.vcxproj", "{6632F6ED-8603-4896-8512-16451FD29FED}"
EndProject
Project("{8BC9CEB8-8B4A-11D0-8D11-00A0C91BC942}") = "Game", "src\game\game.vcxproj", "{7DB3076A-0879-4351-B790-29996FC2EC81}"
	ProjectSection(ProjectDependencies) = postProject
		{6632F6ED-8603-4896-8512-16451FD29FED} = {6632F6ED-8603-4896-8512-16451FD29FED}
	EndProjectSection
EndProject
Global
	GlobalSection(SolutionConfigurationPlatforms) = preSolution
		Debug|x86 = Debug|x86
		Release|x86 = Release|x86
	EndGlobalSection
	GlobalSection(ProjectConfigurationPlatforms) = postSolution
		{6632F6ED-8603-4896-8512-16451FD29FED}.Debug|x86.ActiveCfg = Debug|Win32
		{6632F6ED-8603-4896-8512-16451FD29FED}.Debug|x86.Build.0 = Debug|Win32
		{6632F6ED-8603-4896-8512-16451FD29FED}.Release|x86.ActiveCfg = Release|Win32
		{6632F6ED-8603-4896-8512-16451FD29FED}.Release|x86.Build.0 = Release|Win32
		{7DB3076A-0879-4351-B790-29996FC2EC81}.Debug|x86.ActiveCfg = Debug|Win32
		{7DB3076A-0879-4351-B790-29996FC2EC81}.Debug|x86.Build.0 = Debug|Win32
		{7DB3076A-0879-4351-B790-29996FC2EC81}.Release|x86.ActiveCfg = Release|Win32
		{7DB3076A-0879-4351-B790-29996FC2EC81}.Release|x86.Build.0 = Release|Win32
	EndGlobalSection
	GlobalSection(SolutionProperties) = preSolution
		HideSolutionNode = FALSE
	EndGlobalSection
	GlobalSection(ExtensibilityGlobals) = postSolution
		SolutionGuid = {1BE9952A-3F72-4E1D-8EC3-EEE4CA692B7A}
	EndGlobalSection
EndGlobal
