<?xml version="1.0" encoding="utf-8"?>
<Project ToolsVersion="4.0" xmlns="http://schemas.microsoft.com/developer/msbuild/2003">
  <ItemGroup>
    <Filter Include="Quelldateien">
      <UniqueIdentifier>{4FC737F1-C7A5-4376-A066-2A32D752A2FF}</UniqueIdentifier>
      <Extensions>cpp;c;cc;cxx;def;odl;idl;hpj;bat;asm;asmx</Extensions>
    </Filter>
    <Filter Include="Headerdateien">
      <UniqueIdentifier>{93995380-89BD-4b04-88EB-625FBE52EBFB}</UniqueIdentifier>
      <Extensions>h;hh;hpp;hxx;hm;inl;inc;ipp;xsd</Extensions>
    </Filter>
    <Filter Include="Ressourcendateien">
      <UniqueIdentifier>{67DA6AB6-F800-4c08-8B7A-83BB121AAD01}</UniqueIdentifier>
      <Extensions>rc;ico;cur;bmp;dlg;rc2;rct;bin;rgs;gif;jpg;jpeg;jpe;resx;tiff;tif;png;wav;mfcribbon-ms</Extensions>
    </Filter>
    <Filter Include="Headerdateien\Engine">
      <UniqueIdentifier>{e13b9ce1-cb10-4170-8748-d165bcadfb08}</UniqueIdentifier>
    </Filter>
    <Filter Include="Quelldateien\Engine">
      <UniqueIdentifier>{ce331308-e14c-42e2-ac24-f2fd42c89b2f}</UniqueIdentifier>
    </Filter>
    <Filter Include="Quelldateien\Game">
      <UniqueIdentifier>{dfbbdf71-9903-4b97-abd1-bc20865292b9}</UniqueIdentifier>
    </Filter>
    <Filter Include="Headerdateien\Game">
      <UniqueIdentifier>{0c82f4b5-738d-4a3d-b580-0ef009158b87}</UniqueIdentifier>
    </Filter>
  </ItemGroup>
  <ItemGroup>
    <ClInclude Include="engine\Camera.hpp">
      <Filter>Headerdateien\Engine</Filter>
    </ClInclude>
    <ClInclude Include="engine\Engine.hpp">
      <Filter>Headerdateien\Engine</Filter>
    </ClInclude>
    <ClInclude Include="engine\Label.hpp">
      <Filter>Headerdateien\Engine</Filter>
    </ClInclude>
    <ClInclude Include="engine\Light.hpp">
      <Filter>Headerdateien\Engine</Filter>
    </ClInclude>
    <ClInclude Include="engine\Logger.hpp">
      <Filter>Headerdateien\Engine</Filter>
    </ClInclude>
    <ClInclude Include="engine\Material.hpp">
      <Filter>Headerdateien\Engine</Filter>
    </ClInclude>
    <ClInclude Include="engine\Mesh.hpp">
      <Filter>Headerdateien\Engine</Filter>
    </ClInclude>
    <ClInclude Include="engine\Model.hpp">
      <Filter>Headerdateien\Engine</Filter>
    </ClInclude>
    <ClInclude Include="engine\Scene.hpp">
      <Filter>Headerdateien\Engine</Filter>
    </ClInclude>
    <ClInclude Include="engine\Shader.hpp">
      <Filter>Headerdateien\Engine</Filter>
    </ClInclude>
    <ClInclude Include="engine\Texture.hpp">
      <Filter>Headerdateien\Engine</Filter>
    </ClInclude>
    <ClInclude Include="engine\Timer.hpp">
      <Filter>Headerdateien\Engine</Filter>
    </ClInclude>
    <ClInclude Include="engine\Window.hpp">
      <Filter>Headerdateien\Engine</Filter>
    </ClInclude>
    <ClInclude Include="game\Bomb.hpp">
      <Filter>Headerdateien\Game</Filter>
    </ClInclude>
    <ClInclude Include="game\Explosion.hpp">
      <Filter>Headerdateien\Game</Filter>
    </ClInclude>
    <ClInclude Include="game\Game.hpp">
      <Filter>Headerdateien\Game</Filter>
    </ClInclude>
    <ClInclude Include="game\Gamefield.hpp">
      <Filter>Headerdateien\Game</Filter>
    </ClInclude>
    <ClInclude Include="game\Player.hpp">
      <Filter>Headerdateien\Game</Filter>
    </ClInclude>
  </ItemGroup>
  <ItemGroup>
    <ClCompile Include="BombermanGL.cpp">
      <Filter>Quelldateien</Filter>
    </ClCompile>
    <ClCompile Include="engine\Camera.cpp">
      <Filter>Quelldateien\Engine</Filter>
    </ClCompile>
    <ClCompile Include="engine\Label.cpp">
      <Filter>Quelldateien\Engine</Filter>
    </ClCompile>
    <ClCompile Include="engine\Light.cpp">
      <Filter>Quelldateien\Engine</Filter>
    </ClCompile>
    <ClCompile Include="engine\Material.cpp">
      <Filter>Quelldateien\Engine</Filter>
    </ClCompile>
    <ClCompile Include="engine\Mesh.cpp">
      <Filter>Quelldateien\Engine</Filter>
    </ClCompile>
    <ClCompile Include="engine\Model.cpp">
      <Filter>Quelldateien\Engine</Filter>
    </ClCompile>
    <ClCompile Include="engine\Scene.cpp">
      <Filter>Quelldateien\Engine</Filter>
    </ClCompile>
    <ClCompile Include="engine\Shader.cpp">
      <Filter>Quelldateien\Engine</Filter>
    </ClCompile>
    <ClCompile Include="engine\Texture.cpp">
      <Filter>Quelldateien\Engine</Filter>
    </ClCompile>
    <ClCompile Include="engine\Timer.cpp">
      <Filter>Quelldateien\Engine</Filter>
    </ClCompile>
    <ClCompile Include="engine\Window.cpp">
      <Filter>Quelldateien\Engine</Filter>
    </ClCompile>
    <ClCompile Include="game\Bomb.cpp">
      <Filter>Quelldateien\Game</Filter>
    </ClCompile>
    <ClCompile Include="game\Explosion.cpp">
      <Filter>Quelldateien\Game</Filter>
    </ClCompile>
    <ClCompile Include="game\Game.cpp">
      <Filter>Quelldateien\Game</Filter>
    </ClCompile>
    <ClCompile Include="game\Gamefield.cpp">
      <Filter>Quelldateien\Game</Filter>
    </ClCompile>
    <ClCompile Include="game\Player.cpp">
      <Filter>Quelldateien\Game</Filter>
    </ClCompile>
  </ItemGroup>
</Project>